
Microsoft Visual Studio Solution File, Format Version 12.00
# Visual Studio Version 17
VisualStudioVersion = 17.14.36603.0 d17.14
MinimumVisualStudioVersion = 10.0.40219.1
Project("{FAE04EC0-301F-11D3-BF4B-00C04F79EFBC}") = "PhysicsBookAPI", "XIBookAPI.csproj", "{3B7A552F-7640-584A-9266-EC4B6F8D4A50}"
EndProject
Global
	GlobalSection(SolutionConfigurationPlatforms) = preSolution
		Debug|Any CPU = Debug|Any CPU
		Release|Any CPU = Release|Any CPU
	EndGlobalSection
	GlobalSection(ProjectConfigurationPlatforms) = postSolution
		{3B7A552F-7640-584A-9266-EC4B6F8D4A50}.Debug|Any CPU.ActiveCfg = Debug|Any CPU
		{3B7A552F-7640-584A-9266-EC4B6F8D4A50}.Debug|Any CPU.Build.0 = Debug|Any CPU
		{3B7A552F-7640-584A-9266-EC4B6F8D4A50}.Release|Any CPU.ActiveCfg = Release|Any CPU
		{3B7A552F-7640-584A-9266-EC4B6F8D4A50}.Release|Any CPU.Build.0 = Release|Any CPU
	EndGlobalSection
	GlobalSection(SolutionProperties) = preSolution
		HideSolutionNode = FALSE
	EndGlobalSection
	GlobalSection(ExtensibilityGlobals) = postSolution
		SolutionGuid = {86576229-4E3A-4BD6-B8C0-3FF215CDBEB7}
	EndGlobalSection
EndGlobal
